
Microsoft Visual Studio Solution File, Format Version 12.00
# Visual Studio Version 17
VisualStudioVersion = 17.1.32319.34
MinimumVisualStudioVersion = 10.0.40219.1
Project("{FAE04EC0-301F-11D3-BF4B-00C04F79EFBC}") = "InteliHealth", "InteliHealth.csproj", "{ED68182A-C30F-42F5-8C77-6D4543AB743B}"
EndProject
Global
	GlobalSection(SolutionConfigurationPlatforms) = preSolution
		Debug|Any CPU = Debug|Any CPU
		Release|Any CPU = Release|Any CPU
	EndGlobalSection
	GlobalSection(ProjectConfigurationPlatforms) = postSolution
		{ED68182A-C30F-42F5-8C77-6D4543AB743B}.Debug|Any CPU.ActiveCfg = Debug|Any CPU
		{ED68182A-C30F-42F5-8C77-6D4543AB743B}.Debug|Any CPU.Build.0 = Debug|Any CPU
		{ED68182A-C30F-42F5-8C77-6D4543AB743B}.Release|Any CPU.ActiveCfg = Release|Any CPU
		{ED68182A-C30F-42F5-8C77-6D4543AB743B}.Release|Any CPU.Build.0 = Release|Any CPU
	EndGlobalSection
	GlobalSection(SolutionProperties) = preSolution
		HideSolutionNode = FALSE
	EndGlobalSection
	GlobalSection(ExtensibilityGlobals) = postSolution
		SolutionGuid = {EAD448EC-BDBF-4446-880D-D20BCD44B289}
	EndGlobalSection
EndGlobal
